
Microsoft Visual Studio Solution File, Format Version 12.00
Project("{FAE04EC0-301F-11D3-BF4B-00C04F79EFBC}") = "CSAbpInfra.Application", "CSAbpInfra.Application\CSAbpInfra.Application.csproj", "{8F8A416B-C0B9-4ED4-BFC2-1468050B7D4F}"
EndProject
Project("{FAE04EC0-301F-11D3-BF4B-00C04F79EFBC}") = "CSAbpInfra.Application.Contracts", "CSAbpInfra.Application.Contracts\CSAbpInfra.Application.Contracts.csproj", "{BF483D6E-8B6E-4527-BFFA-60C9FA419573}"
EndProject
Global
	GlobalSection(SolutionConfigurationPlatforms) = preSolution
		Debug|Any CPU = Debug|Any CPU
		Release|Any CPU = Release|Any CPU
	EndGlobalSection
	GlobalSection(ProjectConfigurationPlatforms) = postSolution
		{8F8A416B-C0B9-4ED4-BFC2-1468050B7D4F}.Debug|Any CPU.ActiveCfg = Debug|Any CPU
		{8F8A416B-C0B9-4ED4-BFC2-1468050B7D4F}.Debug|Any CPU.Build.0 = Debug|Any CPU
		{8F8A416B-C0B9-4ED4-BFC2-1468050B7D4F}.Release|Any CPU.ActiveCfg = Release|Any CPU
		{8F8A416B-C0B9-4ED4-BFC2-1468050B7D4F}.Release|Any CPU.Build.0 = Release|Any CPU
		{BF483D6E-8B6E-4527-BFFA-60C9FA419573}.Debug|Any CPU.ActiveCfg = Debug|Any CPU
		{BF483D6E-8B6E-4527-BFFA-60C9FA419573}.Debug|Any CPU.Build.0 = Debug|Any CPU
		{BF483D6E-8B6E-4527-BFFA-60C9FA419573}.Release|Any CPU.ActiveCfg = Release|Any CPU
		{BF483D6E-8B6E-4527-BFFA-60C9FA419573}.Release|Any CPU.Build.0 = Release|Any CPU
	EndGlobalSection
EndGlobal
